
Microsoft Visual Studio Solution File, Format Version 12.00
# Visual Studio 15
VisualStudioVersion = 15.0.25807.0
MinimumVisualStudioVersion = 10.0.40219.1
Project("{2150E333-8FDC-42A3-9474-1A3956D46DE8}") = "Engine", "Engine", "{D79B9279-413A-447B-84C2-855D87978087}"
EndProject
Project("{2150E333-8FDC-42A3-9474-1A3956D46DE8}") = "Games", "Games", "{2A629420-88C3-49D7-A38A-496993247234}"
EndProject
Project("{8BC9CEB8-8B4A-11D0-8D11-00A0C91BC942}") = "UE4", "Intermediate\ProjectFiles\UE4.vcxproj", "{11805240-AE87-43D3-805A-8F234DA45E59}"
EndProject
Project("{8BC9CEB8-8B4A-11D0-8D11-00A0C91BC942}") = "MaterialTest1", "Intermediate\ProjectFiles\MaterialTest1.vcxproj", "{98C5D946-C5E8-44AA-B376-81A8B9428A35}"
EndProject
Global
	GlobalSection(SolutionConfigurationPlatforms) = preSolution
		DebugGame Editor|Android = DebugGame Editor|Android
		DebugGame Editor|HTML5 = DebugGame Editor|HTML5
		DebugGame Editor|Win32 = DebugGame Editor|Win32
		DebugGame Editor|Win64 = DebugGame Editor|Win64
		DebugGame|Android = DebugGame|Android
		DebugGame|HTML5 = DebugGame|HTML5
		DebugGame|Win32 = DebugGame|Win32
		DebugGame|Win64 = DebugGame|Win64
		Development Editor|Android = Development Editor|Android
		Development Editor|HTML5 = Development Editor|HTML5
		Development Editor|Win32 = Development Editor|Win32
		Development Editor|Win64 = Development Editor|Win64
		Development|Android = Development|Android
		Development|HTML5 = Development|HTML5
		Development|Win32 = Development|Win32
		Development|Win64 = Development|Win64
		Shipping|Android = Shipping|Android
		Shipping|HTML5 = Shipping|HTML5
		Shipping|Win32 = Shipping|Win32
		Shipping|Win64 = Shipping|Win64
	EndGlobalSection
	GlobalSection(ProjectConfigurationPlatforms) = postSolution
		{98C5D946-C5E8-44AA-B376-81A8B9428A35}.DebugGame Editor|Android.ActiveCfg = Android_DebugGame_Editor|Win32
		{98C5D946-C5E8-44AA-B376-81A8B9428A35}.DebugGame Editor|HTML5.ActiveCfg = HTML5_DebugGame_Editor|Win32
		{98C5D946-C5E8-44AA-B376-81A8B9428A35}.DebugGame Editor|Win32.ActiveCfg = DebugGame_Editor|Win32
		{98C5D946-C5E8-44AA-B376-81A8B9428A35}.DebugGame Editor|Win64.ActiveCfg = DebugGame_Editor|x64
		{98C5D946-C5E8-44AA-B376-81A8B9428A35}.DebugGame Editor|Win64.Build.0 = DebugGame_Editor|x64
		{98C5D946-C5E8-44AA-B376-81A8B9428A35}.DebugGame|Android.ActiveCfg = Android_DebugGame_Game|Win32
		{98C5D946-C5E8-44AA-B376-81A8B9428A35}.DebugGame|Android.Build.0 = Android_DebugGame_Game|Win32
		{98C5D946-C5E8-44AA-B376-81A8B9428A35}.DebugGame|HTML5.ActiveCfg = HTML5_DebugGame_Game|Win32
		{98C5D946-C5E8-44AA-B376-81A8B9428A35}.DebugGame|HTML5.Build.0 = HTML5_DebugGame_Game|Win32
		{98C5D946-C5E8-44AA-B376-81A8B9428A35}.DebugGame|Win32.ActiveCfg = DebugGame_Game|Win32
		{98C5D946-C5E8-44AA-B376-81A8B9428A35}.DebugGame|Win32.Build.0 = DebugGame_Game|Win32
		{98C5D946-C5E8-44AA-B376-81A8B9428A35}.DebugGame|Win64.ActiveCfg = DebugGame_Game|x64
		{98C5D946-C5E8-44AA-B376-81A8B9428A35}.DebugGame|Win64.Build.0 = DebugGame_Game|x64
		{98C5D946-C5E8-44AA-B376-81A8B9428A35}.Development Editor|Android.ActiveCfg = Android_Development_Editor|Win32
		{98C5D946-C5E8-44AA-B376-81A8B9428A35}.Development Editor|HTML5.ActiveCfg = HTML5_Development_Editor|Win32
		{98C5D946-C5E8-44AA-B376-81A8B9428A35}.Development Editor|Win32.ActiveCfg = Development_Editor|Win32
		{98C5D946-C5E8-44AA-B376-81A8B9428A35}.Development Editor|Win64.ActiveCfg = Development_Editor|x64
		{98C5D946-C5E8-44AA-B376-81A8B9428A35}.Development Editor|Win64.Build.0 = Development_Editor|x64
		{98C5D946-C5E8-44AA-B376-81A8B9428A35}.Development|Android.ActiveCfg = Android_Development_Game|Win32
		{98C5D946-C5E8-44AA-B376-81A8B9428A35}.Development|Android.Build.0 = Android_Development_Game|Win32
		{98C5D946-C5E8-44AA-B376-81A8B9428A35}.Development|HTML5.ActiveCfg = HTML5_Development_Game|Win32
		{98C5D946-C5E8-44AA-B376-81A8B9428A35}.Development|HTML5.Build.0 = HTML5_Development_Game|Win32
		{98C5D946-C5E8-44AA-B376-81A8B9428A35}.Development|Win32.ActiveCfg = Development_Game|Win32
		{98C5D946-C5E8-44AA-B376-81A8B9428A35}.Development|Win32.Build.0 = Development_Game|Win32
		{98C5D946-C5E8-44AA-B376-81A8B9428A35}.Development|Win64.ActiveCfg = Development_Game|x64
		{98C5D946-C5E8-44AA-B376-81A8B9428A35}.Development|Win64.Build.0 = Development_Game|x64
		{98C5D946-C5E8-44AA-B376-81A8B9428A35}.Shipping|Android.ActiveCfg = Android_Shipping_Game|Win32
		{98C5D946-C5E8-44AA-B376-81A8B9428A35}.Shipping|Android.Build.0 = Android_Shipping_Game|Win32
		{98C5D946-C5E8-44AA-B376-81A8B9428A35}.Shipping|HTML5.ActiveCfg = HTML5_Shipping_Game|Win32
		{98C5D946-C5E8-44AA-B376-81A8B9428A35}.Shipping|HTML5.Build.0 = HTML5_Shipping_Game|Win32
		{98C5D946-C5E8-44AA-B376-81A8B9428A35}.Shipping|Win32.ActiveCfg = Shipping_Game|Win32
		{98C5D946-C5E8-44AA-B376-81A8B9428A35}.Shipping|Win32.Build.0 = Shipping_Game|Win32
		{98C5D946-C5E8-44AA-B376-81A8B9428A35}.Shipping|Win64.ActiveCfg = Shipping_Game|x64
		{98C5D946-C5E8-44AA-B376-81A8B9428A35}.Shipping|Win64.Build.0 = Shipping_Game|x64
	EndGlobalSection
	GlobalSection(SolutionProperties) = preSolution
		HideSolutionNode = FALSE
	EndGlobalSection
	GlobalSection(NestedProjects) = preSolution
		{11805240-AE87-43D3-805A-8F234DA45E59} = {D79B9279-413A-447B-84C2-855D87978087}
		{98C5D946-C5E8-44AA-B376-81A8B9428A35} = {2A629420-88C3-49D7-A38A-496993247234}
	EndGlobalSection
EndGlobal
